// !$*UTF8*$!
{
	archiveVersion = 1;
	classes = {
	};
	objectVersion = 77;
	objects = {

/* Begin PBXBuildFile section */
		00308ABF57DAF10AA407725E /* ZipStoreWriter.swift in Sources */ = {isa = PBXBuildFile; fileRef = 2726769305CBB0B3C489B098 /* ZipStoreWriter.swift */; };
		0378ACDEBCCCF2A4F735DF14 /* DailyNutritionTrackerWatch.app in Embed Watch Content */ = {isa = PBXBuildFile; fileRef = 18E4DBEECED9D36705A7A95E /* DailyNutritionTrackerWatch.app */; settings = {ATTRIBUTES = (RemoveHeadersOnCopy, ); }; };
		04466FC60C513326A48D5EE1 /* RemoteFoodModels.swift in Sources */ = {isa = PBXBuildFile; fileRef = BF389A1B5EFE75D923A3F2D1 /* RemoteFoodModels.swift */; };
		0461146061244B5E46E6EA0B /* SwiftData.framework in Frameworks */ = {isa = PBXBuildFile; fileRef = FD65B2F0937F7B58D503BCB6 /* SwiftData.framework */; };
		10DE669606EC6C8CCCCD29E8 /* WidgetKit.framework in Frameworks */ = {isa = PBXBuildFile; fileRef = 6383551A8A79612CE3078FA0 /* WidgetKit.framework */; };
		1190C304FDCF858A32FCF664 /* SectionWidgetMediumLarge.swift in Sources */ = {isa = PBXBuildFile; fileRef = 7E8738EF94BB5D63E45DF930 /* SectionWidgetMediumLarge.swift */; };
		146E4BF79ADD39294866A7BC /* MotivationQuotesSettingsView.swift in Sources */ = {isa = PBXBuildFile; fileRef = 4B653F454113050AC0D46FB0 /* MotivationQuotesSettingsView.swift */; };
		1534C23434F344C92A29EE64 /* BodyMeasurementsViews.swift in Sources */ = {isa = PBXBuildFile; fileRef = 7322B98A46EEC5F910C28F26 /* BodyMeasurementsViews.swift */; };
		16A3BA3BE218EECF484DFC95 /* ExportService.swift in Sources */ = {isa = PBXBuildFile; fileRef = EC8D23ACB7DE87B7A8F49469 /* ExportService.swift */; };
		17869BA6C24C50C45323A73F /* ReportsView.swift in Sources */ = {isa = PBXBuildFile; fileRef = 7DD11FEC36321824AF6BBF73 /* ReportsView.swift */; };
		186627A939D2A1F036633D2A /* SectionWidgets.swift in Sources */ = {isa = PBXBuildFile; fileRef = 6C5F5E594FAEDF599E2F25A1 /* SectionWidgets.swift */; };
		19A77925BB9BB04B288DA118 /* UsageSuggestions.swift in Sources */ = {isa = PBXBuildFile; fileRef = 26F24410868D1BC623CDA3AE /* UsageSuggestions.swift */; };
		1B2C32FACA0E1302DCC08144 /* DailyNutritionTrackerWatchApp.swift in Sources */ = {isa = PBXBuildFile; fileRef = 0A68BA4EF7010A74B96F85FF /* DailyNutritionTrackerWatchApp.swift */; };
		1D6F7A5E49AEE619565AB6BE /* BodyCompositionViews.swift in Sources */ = {isa = PBXBuildFile; fileRef = 7456C2BD9F99FFF97F817481 /* BodyCompositionViews.swift */; };
		1FDA177A3D114A2BB7B9494D /* Models.swift in Sources */ = {isa = PBXBuildFile; fileRef = 9001E43297951747E222BE7E /* Models.swift */; };
		24C54A3FF1B1ED7F203DCE75 /* DailyOnPlanShortcuts.swift in Sources */ = {isa = PBXBuildFile; fileRef = 0E608A99BB703F3E84244082 /* DailyOnPlanShortcuts.swift */; };
		25C4CA3AE114ECCD4382A2A7 /* WidgetKit.framework in Frameworks */ = {isa = PBXBuildFile; fileRef = 6383551A8A79612CE3078FA0 /* WidgetKit.framework */; };
		2ABE272FE1719A5647B7FBCD /* QuickAddService.swift in Sources */ = {isa = PBXBuildFile; fileRef = 07C186EC5629195D573FF3B2 /* QuickAddService.swift */; };
		2CF23679CDB4643A10B22EE2 /* WatchDaySnapshot.swift in Sources */ = {isa = PBXBuildFile; fileRef = AB36AF9574C0E2A4E1F2921F /* WatchDaySnapshot.swift */; };
		2D78004D4F0D12431D2FE67F /* SectionWidgetViews.swift in Sources */ = {isa = PBXBuildFile; fileRef = A50D2717F7830C14A46163C1 /* SectionWidgetViews.swift */; };
		31925AB68EAD4A3DC76856E3 /* WatchConnectivity.framework in Frameworks */ = {isa = PBXBuildFile; fileRef = 5A7A6AE3AD1E6520B1BE6872 /* WatchConnectivity.framework */; };
		33C7B6D251CB4D18F5B732FE /* Charts.framework in Frameworks */ = {isa = PBXBuildFile; fileRef = 66665E717EEE46CD5D14B476 /* Charts.framework */; };
		3458DCFDFE2926D66B05856A /* Assets.xcassets in Resources */ = {isa = PBXBuildFile; fileRef = 4DEFC18529E0EADF7EAFED22 /* Assets.xcassets */; };
		381EEEBBE11616B66EA5D504 /* AppGroupStore.swift in Sources */ = {isa = PBXBuildFile; fileRef = 380F977B74A60197A1579398 /* AppGroupStore.swift */; };
		38975104C2CB3F7523D3F54D /* BathroomSection.swift in Sources */ = {isa = PBXBuildFile; fileRef = B3A284200A6DCE45BD0BA3F3 /* BathroomSection.swift */; };
		3CCEED0DE421E530A7A638B2 /* WorkoutSection.swift in Sources */ = {isa = PBXBuildFile; fileRef = 12455EC302B95E4C91AA758F /* WorkoutSection.swift */; };
		3CFD2DBC55EBBD6E7017B445 /* WatchDaySnapshot.swift in Sources */ = {isa = PBXBuildFile; fileRef = AB36AF9574C0E2A4E1F2921F /* WatchDaySnapshot.swift */; };
		3F4282ECB741EA5971ED895E /* SwiftUI.framework in Frameworks */ = {isa = PBXBuildFile; fileRef = C42A2EAA2F38EE451D496993 /* SwiftUI.framework */; };
		3F895B279EF11D01001ACEC2 /* RemoteFoodConfirmSheet.swift in Sources */ = {isa = PBXBuildFile; fileRef = CAFA459137446B89C035E03E /* RemoteFoodConfirmSheet.swift */; };
		4084E1DE17B362D78DD6593F /* SmokingSection.swift in Sources */ = {isa = PBXBuildFile; fileRef = 4C1F5B296D3BFF468DA38B38 /* SmokingSection.swift */; };
		420DD2FD0C997D367E64E551 /* Enums.swift in Sources */ = {isa = PBXBuildFile; fileRef = B414128D519FF31BB6A349A6 /* Enums.swift */; };
		47F2728E15E0172AB6728BE7 /* SharedModelContainer.swift in Sources */ = {isa = PBXBuildFile; fileRef = 0D77DDB7926ABB26D432AD76 /* SharedModelContainer.swift */; };
		4C777BD4D2AF9D33CA8C1757 /* DayProgressSnapshot.swift in Sources */ = {isa = PBXBuildFile; fileRef = 52A68F8724069CB85C54AA39 /* DayProgressSnapshot.swift */; };
		4D450A165D43670E9BCDA52F /* AddProteinSheet.swift in Sources */ = {isa = PBXBuildFile; fileRef = 7C08CD0A2F48C76A91863410 /* AddProteinSheet.swift */; };
		522D53A33814C0F4D14B5F8D /* ExportSheetView.swift in Sources */ = {isa = PBXBuildFile; fileRef = 8D2C9B2DE60D6200D2F62CF7 /* ExportSheetView.swift */; };
		58CA476A9D5CDA86DC3AD1C4 /* Enums.swift in Sources */ = {isa = PBXBuildFile; fileRef = B414128D519FF31BB6A349A6 /* Enums.swift */; };
		5963CC4192A8F3F2A8A5DC4B /* WatchDaySnapshot.swift in Sources */ = {isa = PBXBuildFile; fileRef = AB36AF9574C0E2A4E1F2921F /* WatchDaySnapshot.swift */; };
		5DAAE966189BFA917D44F091 /* HealthKit.framework in Frameworks */ = {isa = PBXBuildFile; fileRef = 092A9C1646C3ADF0F1E7866D /* HealthKit.framework */; };
		5DEC8FFAF06B97D54A502B7C /* WidgetKit.framework in Frameworks */ = {isa = PBXBuildFile; fileRef = 6383551A8A79612CE3078FA0 /* WidgetKit.framework */; };
		5E5B5863B0DFF2C8CFBD9629 /* WatchConnectivityClient.swift in Sources */ = {isa = PBXBuildFile; fileRef = 35395CC7774113FE58AA72BF /* WatchConnectivityClient.swift */; };
		618C703D374073409969F374 /* AppDeepLink.swift in Sources */ = {isa = PBXBuildFile; fileRef = 26EF4C550E0E519E1A49BCD8 /* AppDeepLink.swift */; };
		64E4561055E11E8E03BD8C85 /* BarcodeScannerSheet.swift in Sources */ = {isa = PBXBuildFile; fileRef = 291255CE5D01CABE155AE454 /* BarcodeScannerSheet.swift */; };
		6A48CA1165D6FA2D7AD36193 /* DayLayoutSettingsView.swift in Sources */ = {isa = PBXBuildFile; fileRef = C0100DFBEA0AD0D8926FC217 /* DayLayoutSettingsView.swift */; };
		706A639A3C983BA9827FA962 /* WatchComplications.swift in Sources */ = {isa = PBXBuildFile; fileRef = 880E2469B4813A80F76A22C8 /* WatchComplications.swift */; };
		70902ACB8632D233518F41A7 /* DayView.swift in Sources */ = {isa = PBXBuildFile; fileRef = DA53067FFB9065A5683AB7DE /* DayView.swift */; };
		79B455B4740DDC7659EC3861 /* BackupRestoreView.swift in Sources */ = {isa = PBXBuildFile; fileRef = E99CCC630A2DF922725DB2F1 /* BackupRestoreView.swift */; };
		7F1B66EA51A661F48F92057F /* NotificationService.swift in Sources */ = {isa = PBXBuildFile; fileRef = 829089FBB3BA5B0ACAB60EC6 /* NotificationService.swift */; };
		7FC6972543131C794285366E /* NotificationsSettingsView.swift in Sources */ = {isa = PBXBuildFile; fileRef = 01453D559BFC32522DE2CAB8 /* NotificationsSettingsView.swift */; };
		80FA0401EDE4C3E7708324F3 /* WidgetIntents.swift in Sources */ = {isa = PBXBuildFile; fileRef = 60E5343CD53B7AF00AF1E10A /* WidgetIntents.swift */; };
		8194CB2F95FBAFC09F232F8A /* Assets.xcassets in Resources */ = {isa = PBXBuildFile; fileRef = 72B985D7DC86E28386E75A95 /* Assets.xcassets */; };
		819C9249AE9E866ABA7F2F83 /* EatingDaySummary.swift in Sources */ = {isa = PBXBuildFile; fileRef = A0BAC8D26DE31FC74A93D73C /* EatingDaySummary.swift */; };
		8634A7CC0318589D825CC1B2 /* OnPlanColors.swift in Sources */ = {isa = PBXBuildFile; fileRef = F3DBD5A04540E4D96286E2E2 /* OnPlanColors.swift */; };
		8674A3DDB7CB0668AE0858CE /* CalendarHeatmapView.swift in Sources */ = {isa = PBXBuildFile; fileRef = 52E7A5F4E4C6BADD475A8ADE /* CalendarHeatmapView.swift */; };
		87E3B589D2F5EA1C2D4D6C2A /* AppDeepLink.swift in Sources */ = {isa = PBXBuildFile; fileRef = 26EF4C550E0E519E1A49BCD8 /* AppDeepLink.swift */; };
		896BAE2EAECEDF8941180B54 /* DataStore.swift in Sources */ = {isa = PBXBuildFile; fileRef = 0CF414489D39547964B6FCC9 /* DataStore.swift */; };
		8A0518193BDB98C7361BF9CF /* Keyboard.swift in Sources */ = {isa = PBXBuildFile; fileRef = CE8398C130723BEA06B72411 /* Keyboard.swift */; };
		8CD6524A141DE14508674E23 /* DrinkingSection.swift in Sources */ = {isa = PBXBuildFile; fileRef = 2CCB89BE5F7ABB8ADA431A83 /* DrinkingSection.swift */; };
		8D44BF1AF9CF7089E6BC9807 /* WorkbookExportService.swift in Sources */ = {isa = PBXBuildFile; fileRef = AADCE192BF88F21CE5B7A9B9 /* WorkbookExportService.swift */; };
		922C08BEB38714D3EADE2595 /* OnPlanColors.swift in Sources */ = {isa = PBXBuildFile; fileRef = F3DBD5A04540E4D96286E2E2 /* OnPlanColors.swift */; };
		96C52DDABBB59F71DD3B75D7 /* USDAFoodDataClient.swift in Sources */ = {isa = PBXBuildFile; fileRef = 40B59B267B64FBF13CCEC012 /* USDAFoodDataClient.swift */; };
		97F5FBCE23BEFCA14EB70C41 /* ReportAggregator.swift in Sources */ = {isa = PBXBuildFile; fileRef = 3FCD1447EB3E5701976303E0 /* ReportAggregator.swift */; };
		987811C833900B317184E079 /* OpenFoodFactsClient.swift in Sources */ = {isa = PBXBuildFile; fileRef = 3E61379225D3F832C0BDB665 /* OpenFoodFactsClient.swift */; };
		9D37EBFEE263423E02A3C209 /* PhoneWatchBridge.swift in Sources */ = {isa = PBXBuildFile; fileRef = 089A037C2B5A81FDE55C5F62 /* PhoneWatchBridge.swift */; };
		9DD9994450AB9EA84E0247EE /* ProteinSection.swift in Sources */ = {isa = PBXBuildFile; fileRef = FCBBDEBB6F446A4F9D228238 /* ProteinSection.swift */; };
		9EAFB6221DBFDA20045CF1B8 /* AccentTheme.swift in Sources */ = {isa = PBXBuildFile; fileRef = D9404E363233D17C7176FE55 /* AccentTheme.swift */; };
		9F3DEC709267BE3FE1E1C934 /* AccentTheme.swift in Sources */ = {isa = PBXBuildFile; fileRef = D9404E363233D17C7176FE55 /* AccentTheme.swift */; };
		9F6BF0488944622D91AD8FC1 /* AppGroupStore.swift in Sources */ = {isa = PBXBuildFile; fileRef = 380F977B74A60197A1579398 /* AppGroupStore.swift */; };
		A45372651BF6F0123DEAB68C /* DataStore.swift in Sources */ = {isa = PBXBuildFile; fileRef = 0CF414489D39547964B6FCC9 /* DataStore.swift */; };
		A9733E086ED0983CE62DC1E2 /* ChecklistSection.swift in Sources */ = {isa = PBXBuildFile; fileRef = ACF3304F60A5829DD9B6F7AB /* ChecklistSection.swift */; };
		ACB078D429D7DF1C29ABDB4B /* Models.swift in Sources */ = {isa = PBXBuildFile; fileRef = 9001E43297951747E222BE7E /* Models.swift */; };
		ACD533BA51870AAC51894A68 /* SnapshotReportView.swift in Sources */ = {isa = PBXBuildFile; fileRef = 5DFEF7201B5D3AEF5E3A84F0 /* SnapshotReportView.swift */; };
		AD6C1FC84FF9094C3509D030 /* AppLimits.swift in Sources */ = {isa = PBXBuildFile; fileRef = 75709336893DE9F1886BD570 /* AppLimits.swift */; };
		AD831ADF3552E728D0317666 /* WatchDaySnapshot.swift in Sources */ = {isa = PBXBuildFile; fileRef = AB36AF9574C0E2A4E1F2921F /* WatchDaySnapshot.swift */; };
		B05C729CF04DAEFC1EBD7535 /* AppLimits.swift in Sources */ = {isa = PBXBuildFile; fileRef = 75709336893DE9F1886BD570 /* AppLimits.swift */; };
		B1485F05B4210916BE7D8328 /* ContentView.swift in Sources */ = {isa = PBXBuildFile; fileRef = 7CB4333379BB7532601AB4AB /* ContentView.swift */; };
		B2BC063D56ADD372E682A94D /* DayHeaderSection.swift in Sources */ = {isa = PBXBuildFile; fileRef = 4F900CB6CF1EF2BB39935DB1 /* DayHeaderSection.swift */; };
		B34E396A756D859471C08F07 /* SettingsView.swift in Sources */ = {isa = PBXBuildFile; fileRef = B4CA519AD88ECDC3C79BCFBA /* SettingsView.swift */; };
		B34F23F55D83CBE7F50D4F65 /* WidgetIntents.swift in Sources */ = {isa = PBXBuildFile; fileRef = 60E5343CD53B7AF00AF1E10A /* WidgetIntents.swift */; };
		B4DFC30EC970A0012FC3899A /* DailyNutritionTrackerWidgets.appex in Embed Foundation Extensions */ = {isa = PBXBuildFile; fileRef = 517124FD37F2B631FB06ECD7 /* DailyNutritionTrackerWidgets.appex */; settings = {ATTRIBUTES = (RemoveHeadersOnCopy, ); }; };
		B7966B9F389EA41C07277606 /* ShareCardViews.swift in Sources */ = {isa = PBXBuildFile; fileRef = 90D79AA4C5D97225F70D6E27 /* ShareCardViews.swift */; };
		B7A905BC1D6FFFF53B8466FD /* EditTimestampSheet.swift in Sources */ = {isa = PBXBuildFile; fileRef = 8E482F49DFDF8DE77D09DF15 /* EditTimestampSheet.swift */; };
		B8949127BA71B88DCCC23329 /* SavedMealsListView.swift in Sources */ = {isa = PBXBuildFile; fileRef = 4054237CDC3218EE936A4002 /* SavedMealsListView.swift */; };
		B89E19F7C7ABAD4DB8F4BF42 /* WidgetReloader.swift in Sources */ = {isa = PBXBuildFile; fileRef = F39271F1522CE70A08147ECF /* WidgetReloader.swift */; };
		B8F1EBF636E0D71BEEF188C3 /* SwiftUI.framework in Frameworks */ = {isa = PBXBuildFile; fileRef = C42A2EAA2F38EE451D496993 /* SwiftUI.framework */; };
		BC81F52DE7FE5F1443113EA8 /* WatchConnectivity.framework in Frameworks */ = {isa = PBXBuildFile; fileRef = 5A7A6AE3AD1E6520B1BE6872 /* WatchConnectivity.framework */; };
		BDBAAED500161D78908C592E /* WidgetKit.framework in Frameworks */ = {isa = PBXBuildFile; fileRef = 6383551A8A79612CE3078FA0 /* WidgetKit.framework */; };
		BE3F9442D29FCB56736B1D56 /* DailyNutritionTrackerWidgetsBundle.swift in Sources */ = {isa = PBXBuildFile; fileRef = 7FA40D2E3B8D43A4BA9954AD /* DailyNutritionTrackerWidgetsBundle.swift */; };
		C07AE0F5FB188AD23956483C /* BackupService.swift in Sources */ = {isa = PBXBuildFile; fileRef = 02316B426E376F1960771CEA /* BackupService.swift */; };
		C26FD525F38746B3420C5E40 /* SharedModelContainer.swift in Sources */ = {isa = PBXBuildFile; fileRef = 0D77DDB7926ABB26D432AD76 /* SharedModelContainer.swift */; };
		C43E7449AEACD161392A9BF5 /* WidgetReloader.swift in Sources */ = {isa = PBXBuildFile; fileRef = F39271F1522CE70A08147ECF /* WidgetReloader.swift */; };
		C59F015E9C0EB25AA8F68E51 /* AppIntents.framework in Frameworks */ = {isa = PBXBuildFile; fileRef = D99C9CA026AA029D68332FCE /* AppIntents.framework */; };
		C899D57324200C2AB7425258 /* DailyNutritionTrackerApp.swift in Sources */ = {isa = PBXBuildFile; fileRef = 0AB2F0CA3B8297691C6FC5E3 /* DailyNutritionTrackerApp.swift */; };
		CA4CBB489AFF9DF63D4AF2EE /* EatingReportView.swift in Sources */ = {isa = PBXBuildFile; fileRef = DE0F0D28A8FA1E7CC8C4D770 /* EatingReportView.swift */; };
		CBAE575B7068F91818A32071 /* MealSuggestor.swift in Sources */ = {isa = PBXBuildFile; fileRef = E39E487C7A31B4C22D2E4A50 /* MealSuggestor.swift */; };
		CBC61444CA28A21539D8BC2E /* HydrationSection.swift in Sources */ = {isa = PBXBuildFile; fileRef = 58BA37A01DB3E66770D6905C /* HydrationSection.swift */; };
		CC4C760368ED1B9C7A9B7EE8 /* FoodCatalog.swift in Sources */ = {isa = PBXBuildFile; fileRef = CE2FE3A0B8C602B365506287 /* FoodCatalog.swift */; };
		D0C33EA702DEC0D13DEB7FF7 /* SupplementsSection.swift in Sources */ = {isa = PBXBuildFile; fileRef = 42C285AE838B778EDA46B2A8 /* SupplementsSection.swift */; };
		D114B01BE47F3037C5A8B9CE /* QuickAddService.swift in Sources */ = {isa = PBXBuildFile; fileRef = 07C186EC5629195D573FF3B2 /* QuickAddService.swift */; };
		D4C6E4B361113AFD0163FF9D /* HydrationDrinkConfirmSheet.swift in Sources */ = {isa = PBXBuildFile; fileRef = CCB3E2463CA4065F275DFBD4 /* HydrationDrinkConfirmSheet.swift */; };
		D9A7EBD4A4E2B782EA65060B /* DailySummaryWidget.swift in Sources */ = {isa = PBXBuildFile; fileRef = 236ACE21D6B60408EDC59942 /* DailySummaryWidget.swift */; };
		E314FF773E7239A0554AA2D2 /* SharedUI.swift in Sources */ = {isa = PBXBuildFile; fileRef = 35D96D9B4DF86FCBE249167A /* SharedUI.swift */; };
		E654BC42A0E4A7D828783882 /* DailyNutritionTrackerWatchWidgets.appex in Embed Foundation Extensions */ = {isa = PBXBuildFile; fileRef = D626D0FFAEB9D454DE4DB787 /* DailyNutritionTrackerWatchWidgets.appex */; settings = {ATTRIBUTES = (RemoveHeadersOnCopy, ); }; };
		E9BEE80B2E5A04FDBF3F4E26 /* AppIdentity.swift in Sources */ = {isa = PBXBuildFile; fileRef = C05325D45B4AA2CE4DF48D57 /* AppIdentity.swift */; };
		EE1AD729675595179706EA87 /* AppIntents.framework in Frameworks */ = {isa = PBXBuildFile; fileRef = D99C9CA026AA029D68332FCE /* AppIntents.framework */; };
		EE809A64CB52182415049146 /* FeelingsSection.swift in Sources */ = {isa = PBXBuildFile; fileRef = C87AC6E4A2CADE79058D49D0 /* FeelingsSection.swift */; };
		F286B908D61BA4DBBA457DD8 /* DayProgressSnapshot.swift in Sources */ = {isa = PBXBuildFile; fileRef = 52A68F8724069CB85C54AA39 /* DayProgressSnapshot.swift */; };
		F6A311205CAEF119D949B442 /* FoodPreferencesView.swift in Sources */ = {isa = PBXBuildFile; fileRef = ED760FB0E324C40EDC9EC177 /* FoodPreferencesView.swift */; };
		F8E8A22FD08D41A80A32A788 /* HealthKitService.swift in Sources */ = {isa = PBXBuildFile; fileRef = 61BDC180AAA53528DC411DC8 /* HealthKitService.swift */; };
		F9B2AD3495F23EA457D3A235 /* WeightBMISection.swift in Sources */ = {isa = PBXBuildFile; fileRef = FF6B3C18F4E0CA2EDEA9D5EA /* WeightBMISection.swift */; };
		FE26369D9B67B92B8CEAB8BD /* SectionWidgetSupport.swift in Sources */ = {isa = PBXBuildFile; fileRef = E7E058C7669135560063301F /* SectionWidgetSupport.swift */; };
/* End PBXBuildFile section */

/* Begin PBXContainerItemProxy section */
		6A433B0C51F958C494202CBB /* PBXContainerItemProxy */ = {
			isa = PBXContainerItemProxy;
			containerPortal = 73EF69C8BDE0691088FA2235 /* Project object */;
			proxyType = 1;
			remoteGlobalIDString = 9B772E33855BDCB6E12C7236;
			remoteInfo = DailyNutritionTrackerWatch;
		};
		92C8DEFA86BA5ED506873737 /* PBXContainerItemProxy */ = {
			isa = PBXContainerItemProxy;
			containerPortal = 73EF69C8BDE0691088FA2235 /* Project object */;
			proxyType = 1;
			remoteGlobalIDString = F951E00E2E1A02E4BB4FC1C9;
			remoteInfo = DailyNutritionTrackerWatchWidgets;
		};
		D01D7B80AA68D7535B9B5935 /* PBXContainerItemProxy */ = {
			isa = PBXContainerItemProxy;
			containerPortal = 73EF69C8BDE0691088FA2235 /* Project object */;
			proxyType = 1;
			remoteGlobalIDString = E63EAEF58BF1A455170C9678;
			remoteInfo = DailyNutritionTrackerWidgets;
		};
/* End PBXContainerItemProxy section */

/* Begin PBXCopyFilesBuildPhase section */
		49C1D4B49C48B51B2C515975 /* Embed Foundation Extensions */ = {
			isa = PBXCopyFilesBuildPhase;
			buildActionMask = 2147483647;
			dstPath = "";
			dstSubfolderSpec = 13;
			files = (
				B4DFC30EC970A0012FC3899A /* DailyNutritionTrackerWidgets.appex in Embed Foundation Extensions */,
			);
			name = "Embed Foundation Extensions";
			runOnlyForDeploymentPostprocessing = 0;
		};
		84610C844566074C0A96CB04 /* Embed Foundation Extensions */ = {
			isa = PBXCopyFilesBuildPhase;
			buildActionMask = 2147483647;
			dstPath = "";
			dstSubfolderSpec = 13;
			files = (
				E654BC42A0E4A7D828783882 /* DailyNutritionTrackerWatchWidgets.appex in Embed Foundation Extensions */,
			);
			name = "Embed Foundation Extensions";
			runOnlyForDeploymentPostprocessing = 0;
		};
		F6C688325FD97571E2C41286 /* Embed Watch Content */ = {
			isa = PBXCopyFilesBuildPhase;
			buildActionMask = 2147483647;
			dstPath = "$(CONTENTS_FOLDER_PATH)/Watch";
			dstSubfolderSpec = 16;
			files = (
				0378ACDEBCCCF2A4F735DF14 /* DailyNutritionTrackerWatch.app in Embed Watch Content */,
			);
			name = "Embed Watch Content";
			runOnlyForDeploymentPostprocessing = 0;
		};
/* End PBXCopyFilesBuildPhase section */

/* Begin PBXFileReference section */
		01453D559BFC32522DE2CAB8 /* NotificationsSettingsView.swift */ = {isa = PBXFileReference; lastKnownFileType = sourcecode.swift; path = NotificationsSettingsView.swift; sourceTree = "<group>"; };
		02316B426E376F1960771CEA /* BackupService.swift */ = {isa = PBXFileReference; lastKnownFileType = sourcecode.swift; path = BackupService.swift; sourceTree = "<group>"; };
		07C186EC5629195D573FF3B2 /* QuickAddService.swift */ = {isa = PBXFileReference; lastKnownFileType = sourcecode.swift; path = QuickAddService.swift; sourceTree = "<group>"; };
		089A037C2B5A81FDE55C5F62 /* PhoneWatchBridge.swift */ = {isa = PBXFileReference; lastKnownFileType = sourcecode.swift; path = PhoneWatchBridge.swift; sourceTree = "<group>"; };
		092A9C1646C3ADF0F1E7866D /* HealthKit.framework */ = {isa = PBXFileReference; lastKnownFileType = wrapper.framework; name = HealthKit.framework; path = System/Library/Frameworks/HealthKit.framework; sourceTree = SDKROOT; };
		0A68BA4EF7010A74B96F85FF /* DailyNutritionTrackerWatchApp.swift */ = {isa = PBXFileReference; lastKnownFileType = sourcecode.swift; path = DailyNutritionTrackerWatchApp.swift; sourceTree = "<group>"; };
		0AB2F0CA3B8297691C6FC5E3 /* DailyNutritionTrackerApp.swift */ = {isa = PBXFileReference; lastKnownFileType = sourcecode.swift; path = DailyNutritionTrackerApp.swift; sourceTree = "<group>"; };
		0CF414489D39547964B6FCC9 /* DataStore.swift */ = {isa = PBXFileReference; lastKnownFileType = sourcecode.swift; path = DataStore.swift; sourceTree = "<group>"; };
		0D77DDB7926ABB26D432AD76 /* SharedModelContainer.swift */ = {isa = PBXFileReference; lastKnownFileType = sourcecode.swift; path = SharedModelContainer.swift; sourceTree = "<group>"; };
		0E608A99BB703F3E84244082 /* DailyOnPlanShortcuts.swift */ = {isa = PBXFileReference; lastKnownFileType = sourcecode.swift; path = DailyOnPlanShortcuts.swift; sourceTree = "<group>"; };
		12455EC302B95E4C91AA758F /* WorkoutSection.swift */ = {isa = PBXFileReference; lastKnownFileType = sourcecode.swift; path = WorkoutSection.swift; sourceTree = "<group>"; };
		18E4DBEECED9D36705A7A95E /* DailyNutritionTrackerWatch.app */ = {isa = PBXFileReference; explicitFileType = wrapper.application; includeInIndex = 0; path = DailyNutritionTrackerWatch.app; sourceTree = BUILT_PRODUCTS_DIR; };
		236ACE21D6B60408EDC59942 /* DailySummaryWidget.swift */ = {isa = PBXFileReference; lastKnownFileType = sourcecode.swift; path = DailySummaryWidget.swift; sourceTree = "<group>"; };
		26EF4C550E0E519E1A49BCD8 /* AppDeepLink.swift */ = {isa = PBXFileReference; lastKnownFileType = sourcecode.swift; path = AppDeepLink.swift; sourceTree = "<group>"; };
		26F24410868D1BC623CDA3AE /* UsageSuggestions.swift */ = {isa = PBXFileReference; lastKnownFileType = sourcecode.swift; path = UsageSuggestions.swift; sourceTree = "<group>"; };
		2726769305CBB0B3C489B098 /* ZipStoreWriter.swift */ = {isa = PBXFileReference; lastKnownFileType = sourcecode.swift; path = ZipStoreWriter.swift; sourceTree = "<group>"; };
		291255CE5D01CABE155AE454 /* BarcodeScannerSheet.swift */ = {isa = PBXFileReference; lastKnownFileType = sourcecode.swift; path = BarcodeScannerSheet.swift; sourceTree = "<group>"; };
		2CCB89BE5F7ABB8ADA431A83 /* DrinkingSection.swift */ = {isa = PBXFileReference; lastKnownFileType = sourcecode.swift; path = DrinkingSection.swift; sourceTree = "<group>"; };
		35395CC7774113FE58AA72BF /* WatchConnectivityClient.swift */ = {isa = PBXFileReference; lastKnownFileType = sourcecode.swift; path = WatchConnectivityClient.swift; sourceTree = "<group>"; };
		35D96D9B4DF86FCBE249167A /* SharedUI.swift */ = {isa = PBXFileReference; lastKnownFileType = sourcecode.swift; path = SharedUI.swift; sourceTree = "<group>"; };
		380F977B74A60197A1579398 /* AppGroupStore.swift */ = {isa = PBXFileReference; lastKnownFileType = sourcecode.swift; path = AppGroupStore.swift; sourceTree = "<group>"; };
		3E61379225D3F832C0BDB665 /* OpenFoodFactsClient.swift */ = {isa = PBXFileReference; lastKnownFileType = sourcecode.swift; path = OpenFoodFactsClient.swift; sourceTree = "<group>"; };
		3FCD1447EB3E5701976303E0 /* ReportAggregator.swift */ = {isa = PBXFileReference; lastKnownFileType = sourcecode.swift; path = ReportAggregator.swift; sourceTree = "<group>"; };
		4054237CDC3218EE936A4002 /* SavedMealsListView.swift */ = {isa = PBXFileReference; lastKnownFileType = sourcecode.swift; path = SavedMealsListView.swift; sourceTree = "<group>"; };
		40B59B267B64FBF13CCEC012 /* USDAFoodDataClient.swift */ = {isa = PBXFileReference; lastKnownFileType = sourcecode.swift; path = USDAFoodDataClient.swift; sourceTree = "<group>"; };
		42C285AE838B778EDA46B2A8 /* SupplementsSection.swift */ = {isa = PBXFileReference; lastKnownFileType = sourcecode.swift; path = SupplementsSection.swift; sourceTree = "<group>"; };
		4B653F454113050AC0D46FB0 /* MotivationQuotesSettingsView.swift */ = {isa = PBXFileReference; lastKnownFileType = sourcecode.swift; path = MotivationQuotesSettingsView.swift; sourceTree = "<group>"; };
		4C1F5B296D3BFF468DA38B38 /* SmokingSection.swift */ = {isa = PBXFileReference; lastKnownFileType = sourcecode.swift; path = SmokingSection.swift; sourceTree = "<group>"; };
		4DEFC18529E0EADF7EAFED22 /* Assets.xcassets */ = {isa = PBXFileReference; lastKnownFileType = folder.assetcatalog; path = Assets.xcassets; sourceTree = "<group>"; };
		4F900CB6CF1EF2BB39935DB1 /* DayHeaderSection.swift */ = {isa = PBXFileReference; lastKnownFileType = sourcecode.swift; path = DayHeaderSection.swift; sourceTree = "<group>"; };
		517124FD37F2B631FB06ECD7 /* DailyNutritionTrackerWidgets.appex */ = {isa = PBXFileReference; explicitFileType = "wrapper.app-extension"; includeInIndex = 0; path = DailyNutritionTrackerWidgets.appex; sourceTree = BUILT_PRODUCTS_DIR; };
		52A68F8724069CB85C54AA39 /* DayProgressSnapshot.swift */ = {isa = PBXFileReference; lastKnownFileType = sourcecode.swift; path = DayProgressSnapshot.swift; sourceTree = "<group>"; };
		52E7A5F4E4C6BADD475A8ADE /* CalendarHeatmapView.swift */ = {isa = PBXFileReference; lastKnownFileType = sourcecode.swift; path = CalendarHeatmapView.swift; sourceTree = "<group>"; };
		58BA37A01DB3E66770D6905C /* HydrationSection.swift */ = {isa = PBXFileReference; lastKnownFileType = sourcecode.swift; path = HydrationSection.swift; sourceTree = "<group>"; };
		5A7A6AE3AD1E6520B1BE6872 /* WatchConnectivity.framework */ = {isa = PBXFileReference; lastKnownFileType = wrapper.framework; name = WatchConnectivity.framework; path = System/Library/Frameworks/WatchConnectivity.framework; sourceTree = SDKROOT; };
		5DFEF7201B5D3AEF5E3A84F0 /* SnapshotReportView.swift */ = {isa = PBXFileReference; lastKnownFileType = sourcecode.swift; path = SnapshotReportView.swift; sourceTree = "<group>"; };
		5F95753F74783B15E8732134 /* Info.plist */ = {isa = PBXFileReference; lastKnownFileType = text.plist; path = Info.plist; sourceTree = "<group>"; };
		60E5343CD53B7AF00AF1E10A /* WidgetIntents.swift */ = {isa = PBXFileReference; lastKnownFileType = sourcecode.swift; path = WidgetIntents.swift; sourceTree = "<group>"; };
		61BDC180AAA53528DC411DC8 /* HealthKitService.swift */ = {isa = PBXFileReference; lastKnownFileType = sourcecode.swift; path = HealthKitService.swift; sourceTree = "<group>"; };
		6383551A8A79612CE3078FA0 /* WidgetKit.framework */ = {isa = PBXFileReference; lastKnownFileType = wrapper.framework; name = WidgetKit.framework; path = System/Library/Frameworks/WidgetKit.framework; sourceTree = SDKROOT; };
		66665E717EEE46CD5D14B476 /* Charts.framework */ = {isa = PBXFileReference; lastKnownFileType = wrapper.framework; name = Charts.framework; path = System/Library/Frameworks/Charts.framework; sourceTree = SDKROOT; };
		6C5F5E594FAEDF599E2F25A1 /* SectionWidgets.swift */ = {isa = PBXFileReference; lastKnownFileType = sourcecode.swift; path = SectionWidgets.swift; sourceTree = "<group>"; };
		72B985D7DC86E28386E75A95 /* Assets.xcassets */ = {isa = PBXFileReference; lastKnownFileType = folder.assetcatalog; path = Assets.xcassets; sourceTree = "<group>"; };
		7322B98A46EEC5F910C28F26 /* BodyMeasurementsViews.swift */ = {isa = PBXFileReference; lastKnownFileType = sourcecode.swift; path = BodyMeasurementsViews.swift; sourceTree = "<group>"; };
		7456C2BD9F99FFF97F817481 /* BodyCompositionViews.swift */ = {isa = PBXFileReference; lastKnownFileType = sourcecode.swift; path = BodyCompositionViews.swift; sourceTree = "<group>"; };
		75709336893DE9F1886BD570 /* AppLimits.swift */ = {isa = PBXFileReference; lastKnownFileType = sourcecode.swift; path = AppLimits.swift; sourceTree = "<group>"; };
		7C08CD0A2F48C76A91863410 /* AddProteinSheet.swift */ = {isa = PBXFileReference; lastKnownFileType = sourcecode.swift; path = AddProteinSheet.swift; sourceTree = "<group>"; };
		7CB4333379BB7532601AB4AB /* ContentView.swift */ = {isa = PBXFileReference; lastKnownFileType = sourcecode.swift; path = ContentView.swift; sourceTree = "<group>"; };
		7DD11FEC36321824AF6BBF73 /* ReportsView.swift */ = {isa = PBXFileReference; lastKnownFileType = sourcecode.swift; path = ReportsView.swift; sourceTree = "<group>"; };
		7E8738EF94BB5D63E45DF930 /* SectionWidgetMediumLarge.swift */ = {isa = PBXFileReference; lastKnownFileType = sourcecode.swift; path = SectionWidgetMediumLarge.swift; sourceTree = "<group>"; };
		7FA40D2E3B8D43A4BA9954AD /* DailyNutritionTrackerWidgetsBundle.swift */ = {isa = PBXFileReference; lastKnownFileType = sourcecode.swift; path = DailyNutritionTrackerWidgetsBundle.swift; sourceTree = "<group>"; };
		829089FBB3BA5B0ACAB60EC6 /* NotificationService.swift */ = {isa = PBXFileReference; lastKnownFileType = sourcecode.swift; path = NotificationService.swift; sourceTree = "<group>"; };
		880E2469B4813A80F76A22C8 /* WatchComplications.swift */ = {isa = PBXFileReference; lastKnownFileType = sourcecode.swift; path = WatchComplications.swift; sourceTree = "<group>"; };
		8D2C9B2DE60D6200D2F62CF7 /* ExportSheetView.swift */ = {isa = PBXFileReference; lastKnownFileType = sourcecode.swift; path = ExportSheetView.swift; sourceTree = "<group>"; };
		8E482F49DFDF8DE77D09DF15 /* EditTimestampSheet.swift */ = {isa = PBXFileReference; lastKnownFileType = sourcecode.swift; path = EditTimestampSheet.swift; sourceTree = "<group>"; };
		9001E43297951747E222BE7E /* Models.swift */ = {isa = PBXFileReference; lastKnownFileType = sourcecode.swift; path = Models.swift; sourceTree = "<group>"; };
		90D79AA4C5D97225F70D6E27 /* ShareCardViews.swift */ = {isa = PBXFileReference; lastKnownFileType = sourcecode.swift; path = ShareCardViews.swift; sourceTree = "<group>"; };
		A0BAC8D26DE31FC74A93D73C /* EatingDaySummary.swift */ = {isa = PBXFileReference; lastKnownFileType = sourcecode.swift; path = EatingDaySummary.swift; sourceTree = "<group>"; };
		A2ECF83CDB8B870F7C317F9F /* DailyNutritionTracker.app */ = {isa = PBXFileReference; explicitFileType = wrapper.application; includeInIndex = 0; path = DailyNutritionTracker.app; sourceTree = BUILT_PRODUCTS_DIR; };
		A50D2717F7830C14A46163C1 /* SectionWidgetViews.swift */ = {isa = PBXFileReference; lastKnownFileType = sourcecode.swift; path = SectionWidgetViews.swift; sourceTree = "<group>"; };
		AADCE192BF88F21CE5B7A9B9 /* WorkbookExportService.swift */ = {isa = PBXFileReference; lastKnownFileType = sourcecode.swift; path = WorkbookExportService.swift; sourceTree = "<group>"; };
		AB36AF9574C0E2A4E1F2921F /* WatchDaySnapshot.swift */ = {isa = PBXFileReference; lastKnownFileType = sourcecode.swift; path = WatchDaySnapshot.swift; sourceTree = "<group>"; };
		ACF3304F60A5829DD9B6F7AB /* ChecklistSection.swift */ = {isa = PBXFileReference; lastKnownFileType = sourcecode.swift; path = ChecklistSection.swift; sourceTree = "<group>"; };
		B3A284200A6DCE45BD0BA3F3 /* BathroomSection.swift */ = {isa = PBXFileReference; lastKnownFileType = sourcecode.swift; path = BathroomSection.swift; sourceTree = "<group>"; };
		B414128D519FF31BB6A349A6 /* Enums.swift */ = {isa = PBXFileReference; lastKnownFileType = sourcecode.swift; path = Enums.swift; sourceTree = "<group>"; };
		B4CA519AD88ECDC3C79BCFBA /* SettingsView.swift */ = {isa = PBXFileReference; lastKnownFileType = sourcecode.swift; path = SettingsView.swift; sourceTree = "<group>"; };
		BF389A1B5EFE75D923A3F2D1 /* RemoteFoodModels.swift */ = {isa = PBXFileReference; lastKnownFileType = sourcecode.swift; path = RemoteFoodModels.swift; sourceTree = "<group>"; };
		C0100DFBEA0AD0D8926FC217 /* DayLayoutSettingsView.swift */ = {isa = PBXFileReference; lastKnownFileType = sourcecode.swift; path = DayLayoutSettingsView.swift; sourceTree = "<group>"; };
		C05325D45B4AA2CE4DF48D57 /* AppIdentity.swift */ = {isa = PBXFileReference; lastKnownFileType = sourcecode.swift; path = AppIdentity.swift; sourceTree = "<group>"; };
		C42A2EAA2F38EE451D496993 /* SwiftUI.framework */ = {isa = PBXFileReference; lastKnownFileType = wrapper.framework; name = SwiftUI.framework; path = System/Library/Frameworks/SwiftUI.framework; sourceTree = SDKROOT; };
		C87AC6E4A2CADE79058D49D0 /* FeelingsSection.swift */ = {isa = PBXFileReference; lastKnownFileType = sourcecode.swift; path = FeelingsSection.swift; sourceTree = "<group>"; };
		CAFA459137446B89C035E03E /* RemoteFoodConfirmSheet.swift */ = {isa = PBXFileReference; lastKnownFileType = sourcecode.swift; path = RemoteFoodConfirmSheet.swift; sourceTree = "<group>"; };
		CCB3E2463CA4065F275DFBD4 /* HydrationDrinkConfirmSheet.swift */ = {isa = PBXFileReference; lastKnownFileType = sourcecode.swift; path = HydrationDrinkConfirmSheet.swift; sourceTree = "<group>"; };
		CE2FE3A0B8C602B365506287 /* FoodCatalog.swift */ = {isa = PBXFileReference; lastKnownFileType = sourcecode.swift; path = FoodCatalog.swift; sourceTree = "<group>"; };
		CE8398C130723BEA06B72411 /* Keyboard.swift */ = {isa = PBXFileReference; lastKnownFileType = sourcecode.swift; path = Keyboard.swift; sourceTree = "<group>"; };
		D626D0FFAEB9D454DE4DB787 /* DailyNutritionTrackerWatchWidgets.appex */ = {isa = PBXFileReference; explicitFileType = "wrapper.app-extension"; includeInIndex = 0; path = DailyNutritionTrackerWatchWidgets.appex; sourceTree = BUILT_PRODUCTS_DIR; };
		D9404E363233D17C7176FE55 /* AccentTheme.swift */ = {isa = PBXFileReference; lastKnownFileType = sourcecode.swift; path = AccentTheme.swift; sourceTree = "<group>"; };
		D99C9CA026AA029D68332FCE /* AppIntents.framework */ = {isa = PBXFileReference; lastKnownFileType = wrapper.framework; name = AppIntents.framework; path = System/Library/Frameworks/AppIntents.framework; sourceTree = SDKROOT; };
		DA53067FFB9065A5683AB7DE /* DayView.swift */ = {isa = PBXFileReference; lastKnownFileType = sourcecode.swift; path = DayView.swift; sourceTree = "<group>"; };
		DE0F0D28A8FA1E7CC8C4D770 /* EatingReportView.swift */ = {isa = PBXFileReference; lastKnownFileType = sourcecode.swift; path = EatingReportView.swift; sourceTree = "<group>"; };
		E39E487C7A31B4C22D2E4A50 /* MealSuggestor.swift */ = {isa = PBXFileReference; lastKnownFileType = sourcecode.swift; path = MealSuggestor.swift; sourceTree = "<group>"; };
		E7E058C7669135560063301F /* SectionWidgetSupport.swift */ = {isa = PBXFileReference; lastKnownFileType = sourcecode.swift; path = SectionWidgetSupport.swift; sourceTree = "<group>"; };
		E99CCC630A2DF922725DB2F1 /* BackupRestoreView.swift */ = {isa = PBXFileReference; lastKnownFileType = sourcecode.swift; path = BackupRestoreView.swift; sourceTree = "<group>"; };
		EC8D23ACB7DE87B7A8F49469 /* ExportService.swift */ = {isa = PBXFileReference; lastKnownFileType = sourcecode.swift; path = ExportService.swift; sourceTree = "<group>"; };
		ED760FB0E324C40EDC9EC177 /* FoodPreferencesView.swift */ = {isa = PBXFileReference; lastKnownFileType = sourcecode.swift; path = FoodPreferencesView.swift; sourceTree = "<group>"; };
		F39271F1522CE70A08147ECF /* WidgetReloader.swift */ = {isa = PBXFileReference; lastKnownFileType = sourcecode.swift; path = WidgetReloader.swift; sourceTree = "<group>"; };
		F3DBD5A04540E4D96286E2E2 /* OnPlanColors.swift */ = {isa = PBXFileReference; lastKnownFileType = sourcecode.swift; path = OnPlanColors.swift; sourceTree = "<group>"; };
		FCBBDEBB6F446A4F9D228238 /* ProteinSection.swift */ = {isa = PBXFileReference; lastKnownFileType = sourcecode.swift; path = ProteinSection.swift; sourceTree = "<group>"; };
		FD65B2F0937F7B58D503BCB6 /* SwiftData.framework */ = {isa = PBXFileReference; lastKnownFileType = wrapper.framework; name = SwiftData.framework; path = System/Library/Frameworks/SwiftData.framework; sourceTree = SDKROOT; };
		FF6B3C18F4E0CA2EDEA9D5EA /* WeightBMISection.swift */ = {isa = PBXFileReference; lastKnownFileType = sourcecode.swift; path = WeightBMISection.swift; sourceTree = "<group>"; };
/* End PBXFileReference section */

/* Begin PBXFrameworksBuildPhase section */
		4BC4FD8695F1D71ED92B4471 /* Frameworks */ = {
			isa = PBXFrameworksBuildPhase;
			buildActionMask = 2147483647;
			files = (
				25C4CA3AE114ECCD4382A2A7 /* WidgetKit.framework in Frameworks */,
				B8F1EBF636E0D71BEEF188C3 /* SwiftUI.framework in Frameworks */,
			);
			runOnlyForDeploymentPostprocessing = 0;
		};
		64C5DCE83221FC9CB64C0D3B /* Frameworks */ = {
			isa = PBXFrameworksBuildPhase;
			buildActionMask = 2147483647;
			files = (
				5DAAE966189BFA917D44F091 /* HealthKit.framework in Frameworks */,
				33C7B6D251CB4D18F5B732FE /* Charts.framework in Frameworks */,
				10DE669606EC6C8CCCCD29E8 /* WidgetKit.framework in Frameworks */,
				EE1AD729675595179706EA87 /* AppIntents.framework in Frameworks */,
				31925AB68EAD4A3DC76856E3 /* WatchConnectivity.framework in Frameworks */,
			);
			runOnlyForDeploymentPostprocessing = 0;
		};
		714657819CA89FDB0FD42C00 /* Frameworks */ = {
			isa = PBXFrameworksBuildPhase;
			buildActionMask = 2147483647;
			files = (
				BDBAAED500161D78908C592E /* WidgetKit.framework in Frameworks */,
				3F4282ECB741EA5971ED895E /* SwiftUI.framework in Frameworks */,
				0461146061244B5E46E6EA0B /* SwiftData.framework in Frameworks */,
				C59F015E9C0EB25AA8F68E51 /* AppIntents.framework in Frameworks */,
			);
			runOnlyForDeploymentPostprocessing = 0;
		};
		BABBFDF015C9C65F20BAD72E /* Frameworks */ = {
			isa = PBXFrameworksBuildPhase;
			buildActionMask = 2147483647;
			files = (
				BC81F52DE7FE5F1443113EA8 /* WatchConnectivity.framework in Frameworks */,
				5DEC8FFAF06B97D54A502B7C /* WidgetKit.framework in Frameworks */,
			);
			runOnlyForDeploymentPostprocessing = 0;
		};
/* End PBXFrameworksBuildPhase section */

/* Begin PBXGroup section */
		000C63FC73B2F8096605D3E8 /* Data */ = {
			isa = PBXGroup;
			children = (
				CE2FE3A0B8C602B365506287 /* FoodCatalog.swift */,
			);
			path = Data;
			sourceTree = "<group>";
		};
		0EF521278D247A9A33E77581 /* DailyNutritionTracker */ = {
			isa = PBXGroup;
			children = (
				72B985D7DC86E28386E75A95 /* Assets.xcassets */,
				0AB2F0CA3B8297691C6FC5E3 /* DailyNutritionTrackerApp.swift */,
				5F95753F74783B15E8732134 /* Info.plist */,
				000C63FC73B2F8096605D3E8 /* Data */,
				E7E6D9265561A1E91E3A497E /* Models */,
				4CD9B1B42C50E5CE542FE3E1 /* Services */,
				AFC2405742B19FE40741C174 /* Utilities */,
				3FFC29F42EEBFD36296BB0D4 /* Views */,
			);
			path = DailyNutritionTracker;
			sourceTree = "<group>";
		};
		1B4AC11EAF7E6B1A89C7B9DA /* Shared */ = {
			isa = PBXGroup;
			children = (
				26EF4C550E0E519E1A49BCD8 /* AppDeepLink.swift */,
				380F977B74A60197A1579398 /* AppGroupStore.swift */,
				52A68F8724069CB85C54AA39 /* DayProgressSnapshot.swift */,
				07C186EC5629195D573FF3B2 /* QuickAddService.swift */,
				0D77DDB7926ABB26D432AD76 /* SharedModelContainer.swift */,
				60E5343CD53B7AF00AF1E10A /* WidgetIntents.swift */,
				F39271F1522CE70A08147ECF /* WidgetReloader.swift */,
			);
			path = Shared;
			sourceTree = "<group>";
		};
		29A635241DD51FA7622BE749 /* DailyNutritionTrackerWatch */ = {
			isa = PBXGroup;
			children = (
				4DEFC18529E0EADF7EAFED22 /* Assets.xcassets */,
				0A68BA4EF7010A74B96F85FF /* DailyNutritionTrackerWatchApp.swift */,
				35395CC7774113FE58AA72BF /* WatchConnectivityClient.swift */,
			);
			path = DailyNutritionTrackerWatch;
			sourceTree = "<group>";
		};
		33D9D57D3FEA93C6364A7470 /* DailyNutritionTrackerWidgets */ = {
			isa = PBXGroup;
			children = (
				7FA40D2E3B8D43A4BA9954AD /* DailyNutritionTrackerWidgetsBundle.swift */,
				236ACE21D6B60408EDC59942 /* DailySummaryWidget.swift */,
				7E8738EF94BB5D63E45DF930 /* SectionWidgetMediumLarge.swift */,
				6C5F5E594FAEDF599E2F25A1 /* SectionWidgets.swift */,
				E7E058C7669135560063301F /* SectionWidgetSupport.swift */,
				A50D2717F7830C14A46163C1 /* SectionWidgetViews.swift */,
				1B4AC11EAF7E6B1A89C7B9DA /* Shared */,
			);
			path = DailyNutritionTrackerWidgets;
			sourceTree = "<group>";
		};
		3FFC29F42EEBFD36296BB0D4 /* Views */ = {
			isa = PBXGroup;
			children = (
				E99CCC630A2DF922725DB2F1 /* BackupRestoreView.swift */,
				7456C2BD9F99FFF97F817481 /* BodyCompositionViews.swift */,
				7322B98A46EEC5F910C28F26 /* BodyMeasurementsViews.swift */,
				7CB4333379BB7532601AB4AB /* ContentView.swift */,
				C0100DFBEA0AD0D8926FC217 /* DayLayoutSettingsView.swift */,
				DA53067FFB9065A5683AB7DE /* DayView.swift */,
				ED760FB0E324C40EDC9EC177 /* FoodPreferencesView.swift */,
				4B653F454113050AC0D46FB0 /* MotivationQuotesSettingsView.swift */,
				01453D559BFC32522DE2CAB8 /* NotificationsSettingsView.swift */,
				4054237CDC3218EE936A4002 /* SavedMealsListView.swift */,
				B4CA519AD88ECDC3C79BCFBA /* SettingsView.swift */,
				6FBDC7D6EFA6A2776CB5DF99 /* Components */,
				627FA96E5ABD987E860197FB /* Reports */,
				C24C0B28B280C761CC7297D6 /* Sections */,
				7E44C1A46AFC1F92152C4045 /* Sheets */,
			);
			path = Views;
			sourceTree = "<group>";
		};
		4CD9B1B42C50E5CE542FE3E1 /* Services */ = {
			isa = PBXGroup;
			children = (
				02316B426E376F1960771CEA /* BackupService.swift */,
				0E608A99BB703F3E84244082 /* DailyOnPlanShortcuts.swift */,
				0CF414489D39547964B6FCC9 /* DataStore.swift */,
				A0BAC8D26DE31FC74A93D73C /* EatingDaySummary.swift */,
				EC8D23ACB7DE87B7A8F49469 /* ExportService.swift */,
				61BDC180AAA53528DC411DC8 /* HealthKitService.swift */,
				829089FBB3BA5B0ACAB60EC6 /* NotificationService.swift */,
				3E61379225D3F832C0BDB665 /* OpenFoodFactsClient.swift */,
				089A037C2B5A81FDE55C5F62 /* PhoneWatchBridge.swift */,
				BF389A1B5EFE75D923A3F2D1 /* RemoteFoodModels.swift */,
				3FCD1447EB3E5701976303E0 /* ReportAggregator.swift */,
				40B59B267B64FBF13CCEC012 /* USDAFoodDataClient.swift */,
				AADCE192BF88F21CE5B7A9B9 /* WorkbookExportService.swift */,
				2726769305CBB0B3C489B098 /* ZipStoreWriter.swift */,
			);
			path = Services;
			sourceTree = "<group>";
		};
		568C3A25F3B3243A11C69CB6 /* Frameworks */ = {
			isa = PBXGroup;
			children = (
				D99C9CA026AA029D68332FCE /* AppIntents.framework */,
				66665E717EEE46CD5D14B476 /* Charts.framework */,
				092A9C1646C3ADF0F1E7866D /* HealthKit.framework */,
				FD65B2F0937F7B58D503BCB6 /* SwiftData.framework */,
				C42A2EAA2F38EE451D496993 /* SwiftUI.framework */,
				5A7A6AE3AD1E6520B1BE6872 /* WatchConnectivity.framework */,
				6383551A8A79612CE3078FA0 /* WidgetKit.framework */,
			);
			name = Frameworks;
			sourceTree = "<group>";
		};
		627FA96E5ABD987E860197FB /* Reports */ = {
			isa = PBXGroup;
			children = (
				52E7A5F4E4C6BADD475A8ADE /* CalendarHeatmapView.swift */,
				DE0F0D28A8FA1E7CC8C4D770 /* EatingReportView.swift */,
				7DD11FEC36321824AF6BBF73 /* ReportsView.swift */,
				90D79AA4C5D97225F70D6E27 /* ShareCardViews.swift */,
				5DFEF7201B5D3AEF5E3A84F0 /* SnapshotReportView.swift */,
			);
			path = Reports;
			sourceTree = "<group>";
		};
		6FBDC7D6EFA6A2776CB5DF99 /* Components */ = {
			isa = PBXGroup;
			children = (
				35D96D9B4DF86FCBE249167A /* SharedUI.swift */,
			);
			path = Components;
			sourceTree = "<group>";
		};
		7CA66D61E85A0AE192AD88A5 /* Products */ = {
			isa = PBXGroup;
			children = (
				A2ECF83CDB8B870F7C317F9F /* DailyNutritionTracker.app */,
				18E4DBEECED9D36705A7A95E /* DailyNutritionTrackerWatch.app */,
				D626D0FFAEB9D454DE4DB787 /* DailyNutritionTrackerWatchWidgets.appex */,
				517124FD37F2B631FB06ECD7 /* DailyNutritionTrackerWidgets.appex */,
			);
			name = Products;
			sourceTree = "<group>";
		};
		7E44C1A46AFC1F92152C4045 /* Sheets */ = {
			isa = PBXGroup;
			children = (
				7C08CD0A2F48C76A91863410 /* AddProteinSheet.swift */,
				291255CE5D01CABE155AE454 /* BarcodeScannerSheet.swift */,
				8E482F49DFDF8DE77D09DF15 /* EditTimestampSheet.swift */,
				8D2C9B2DE60D6200D2F62CF7 /* ExportSheetView.swift */,
				CCB3E2463CA4065F275DFBD4 /* HydrationDrinkConfirmSheet.swift */,
				CAFA459137446B89C035E03E /* RemoteFoodConfirmSheet.swift */,
			);
			path = Sheets;
			sourceTree = "<group>";
		};
		86C0FC632B1B9FD78F608F8E /* SharedWatch */ = {
			isa = PBXGroup;
			children = (
				AB36AF9574C0E2A4E1F2921F /* WatchDaySnapshot.swift */,
			);
			path = SharedWatch;
			sourceTree = "<group>";
		};
		8E836CD8B8FDC3B38DAC2DB4 = {
			isa = PBXGroup;
			children = (
				0EF521278D247A9A33E77581 /* DailyNutritionTracker */,
				29A635241DD51FA7622BE749 /* DailyNutritionTrackerWatch */,
				D4A615F56E800E60FFA23B1B /* DailyNutritionTrackerWatchWidgets */,
				33D9D57D3FEA93C6364A7470 /* DailyNutritionTrackerWidgets */,
				86C0FC632B1B9FD78F608F8E /* SharedWatch */,
				568C3A25F3B3243A11C69CB6 /* Frameworks */,
				7CA66D61E85A0AE192AD88A5 /* Products */,
			);
			sourceTree = "<group>";
		};
		AFC2405742B19FE40741C174 /* Utilities */ = {
			isa = PBXGroup;
			children = (
				C05325D45B4AA2CE4DF48D57 /* AppIdentity.swift */,
				75709336893DE9F1886BD570 /* AppLimits.swift */,
				CE8398C130723BEA06B72411 /* Keyboard.swift */,
				E39E487C7A31B4C22D2E4A50 /* MealSuggestor.swift */,
				F3DBD5A04540E4D96286E2E2 /* OnPlanColors.swift */,
				26F24410868D1BC623CDA3AE /* UsageSuggestions.swift */,
			);
			path = Utilities;
			sourceTree = "<group>";
		};
		C24C0B28B280C761CC7297D6 /* Sections */ = {
			isa = PBXGroup;
			children = (
				B3A284200A6DCE45BD0BA3F3 /* BathroomSection.swift */,
				ACF3304F60A5829DD9B6F7AB /* ChecklistSection.swift */,
				4F900CB6CF1EF2BB39935DB1 /* DayHeaderSection.swift */,
				2CCB89BE5F7ABB8ADA431A83 /* DrinkingSection.swift */,
				C87AC6E4A2CADE79058D49D0 /* FeelingsSection.swift */,
				58BA37A01DB3E66770D6905C /* HydrationSection.swift */,
				FCBBDEBB6F446A4F9D228238 /* ProteinSection.swift */,
				4C1F5B296D3BFF468DA38B38 /* SmokingSection.swift */,
				42C285AE838B778EDA46B2A8 /* SupplementsSection.swift */,
				FF6B3C18F4E0CA2EDEA9D5EA /* WeightBMISection.swift */,
				12455EC302B95E4C91AA758F /* WorkoutSection.swift */,
			);
			path = Sections;
			sourceTree = "<group>";
		};
		D4A615F56E800E60FFA23B1B /* DailyNutritionTrackerWatchWidgets */ = {
			isa = PBXGroup;
			children = (
				880E2469B4813A80F76A22C8 /* WatchComplications.swift */,
			);
			path = DailyNutritionTrackerWatchWidgets;
			sourceTree = "<group>";
		};
		E7E6D9265561A1E91E3A497E /* Models */ = {
			isa = PBXGroup;
			children = (
				D9404E363233D17C7176FE55 /* AccentTheme.swift */,
				B414128D519FF31BB6A349A6 /* Enums.swift */,
				9001E43297951747E222BE7E /* Models.swift */,
			);
			path = Models;
			sourceTree = "<group>";
		};
/* End PBXGroup section */

/* Begin PBXNativeTarget section */
		9B772E33855BDCB6E12C7236 /* DailyNutritionTrackerWatch */ = {
			isa = PBXNativeTarget;
			buildConfigurationList = 9BC857710CDCA4DC494763AE /* Build configuration list for PBXNativeTarget "DailyNutritionTrackerWatch" */;
			buildPhases = (
				0024608BC089F72127FAB2E6 /* Sources */,
				A9718071C17A3E8FD77C576B /* Resources */,
				BABBFDF015C9C65F20BAD72E /* Frameworks */,
				84610C844566074C0A96CB04 /* Embed Foundation Extensions */,
			);
			buildRules = (
			);
			dependencies = (
				876E4CFCDE0D0C17C904FE43 /* PBXTargetDependency */,
			);
			name = DailyNutritionTrackerWatch;
			packageProductDependencies = (
			);
			productName = DailyNutritionTrackerWatch;
			productReference = 18E4DBEECED9D36705A7A95E /* DailyNutritionTrackerWatch.app */;
			productType = "com.apple.product-type.application";
		};
		A3F6EE4B2A954D70D63B8CC6 /* DailyNutritionTracker */ = {
			isa = PBXNativeTarget;
			buildConfigurationList = 985483F167D6C71C3B964EE1 /* Build configuration list for PBXNativeTarget "DailyNutritionTracker" */;
			buildPhases = (
				8423AB667999445975200BA1 /* Sources */,
				ACC5238815B36FBC539CED65 /* Resources */,
				64C5DCE83221FC9CB64C0D3B /* Frameworks */,
				49C1D4B49C48B51B2C515975 /* Embed Foundation Extensions */,
				F6C688325FD97571E2C41286 /* Embed Watch Content */,
			);
			buildRules = (
			);
			dependencies = (
				8BC9D2CF846649A17EBBDD27 /* PBXTargetDependency */,
				9BFE9937ABFD1B8870F37FDA /* PBXTargetDependency */,
			);
			name = DailyNutritionTracker;
			packageProductDependencies = (
			);
			productName = DailyNutritionTracker;
			productReference = A2ECF83CDB8B870F7C317F9F /* DailyNutritionTracker.app */;
			productType = "com.apple.product-type.application";
		};
		E63EAEF58BF1A455170C9678 /* DailyNutritionTrackerWidgets */ = {
			isa = PBXNativeTarget;
			buildConfigurationList = D976C760F5A32A448F6A9ECD /* Build configuration list for PBXNativeTarget "DailyNutritionTrackerWidgets" */;
			buildPhases = (
				4E80C82F70B0818EF871B334 /* Sources */,
				714657819CA89FDB0FD42C00 /* Frameworks */,
			);
			buildRules = (
			);
			dependencies = (
			);
			name = DailyNutritionTrackerWidgets;
			packageProductDependencies = (
			);
			productName = DailyNutritionTrackerWidgets;
			productReference = 517124FD37F2B631FB06ECD7 /* DailyNutritionTrackerWidgets.appex */;
			productType = "com.apple.product-type.app-extension";
		};
		F951E00E2E1A02E4BB4FC1C9 /* DailyNutritionTrackerWatchWidgets */ = {
			isa = PBXNativeTarget;
			buildConfigurationList = B8F2507E4F5C2E6CC7C5271F /* Build configuration list for PBXNativeTarget "DailyNutritionTrackerWatchWidgets" */;
			buildPhases = (
				5BF1B6D60DB381210B3A8C07 /* Sources */,
				4BC4FD8695F1D71ED92B4471 /* Frameworks */,
			);
			buildRules = (
			);
			dependencies = (
			);
			name = DailyNutritionTrackerWatchWidgets;
			packageProductDependencies = (
			);
			productName = DailyNutritionTrackerWatchWidgets;
			productReference = D626D0FFAEB9D454DE4DB787 /* DailyNutritionTrackerWatchWidgets.appex */;
			productType = "com.apple.product-type.app-extension";
		};
/* End PBXNativeTarget section */

/* Begin PBXProject section */
		73EF69C8BDE0691088FA2235 /* Project object */ = {
			isa = PBXProject;
			attributes = {
				BuildIndependentTargetsInParallel = YES;
				LastUpgradeCheck = 2660;
				TargetAttributes = {
					9B772E33855BDCB6E12C7236 = {
						DevelopmentTeam = 6998422DKP;
						ProvisioningStyle = Automatic;
					};
					A3F6EE4B2A954D70D63B8CC6 = {
						DevelopmentTeam = 6998422DKP;
						ProvisioningStyle = Automatic;
					};
					E63EAEF58BF1A455170C9678 = {
						DevelopmentTeam = 6998422DKP;
						ProvisioningStyle = Automatic;
					};
					F951E00E2E1A02E4BB4FC1C9 = {
						DevelopmentTeam = 6998422DKP;
						ProvisioningStyle = Automatic;
					};
				};
			};
			buildConfigurationList = F7A24E9F32028A69F80E979E /* Build configuration list for PBXProject "DailyNutritionTracker" */;
			developmentRegion = en;
			hasScannedForEncodings = 0;
			knownRegions = (
				Base,
				en,
			);
			mainGroup = 8E836CD8B8FDC3B38DAC2DB4;
			minimizedProjectReferenceProxies = 1;
			preferredProjectObjectVersion = 77;
			productRefGroup = 7CA66D61E85A0AE192AD88A5 /* Products */;
			projectDirPath = "";
			projectRoot = "";
			targets = (
				A3F6EE4B2A954D70D63B8CC6 /* DailyNutritionTracker */,
				E63EAEF58BF1A455170C9678 /* DailyNutritionTrackerWidgets */,
				9B772E33855BDCB6E12C7236 /* DailyNutritionTrackerWatch */,
				F951E00E2E1A02E4BB4FC1C9 /* DailyNutritionTrackerWatchWidgets */,
			);
		};
/* End PBXProject section */

/* Begin PBXResourcesBuildPhase section */
		A9718071C17A3E8FD77C576B /* Resources */ = {
			isa = PBXResourcesBuildPhase;
			buildActionMask = 2147483647;
			files = (
				3458DCFDFE2926D66B05856A /* Assets.xcassets in Resources */,
			);
			runOnlyForDeploymentPostprocessing = 0;
		};
		ACC5238815B36FBC539CED65 /* Resources */ = {
			isa = PBXResourcesBuildPhase;
			buildActionMask = 2147483647;
			files = (
				8194CB2F95FBAFC09F232F8A /* Assets.xcassets in Resources */,
			);
			runOnlyForDeploymentPostprocessing = 0;
		};
/* End PBXResourcesBuildPhase section */

/* Begin PBXSourcesBuildPhase section */
		0024608BC089F72127FAB2E6 /* Sources */ = {
			isa = PBXSourcesBuildPhase;
			buildActionMask = 2147483647;
			files = (
				1B2C32FACA0E1302DCC08144 /* DailyNutritionTrackerWatchApp.swift in Sources */,
				5E5B5863B0DFF2C8CFBD9629 /* WatchConnectivityClient.swift in Sources */,
				3CFD2DBC55EBBD6E7017B445 /* WatchDaySnapshot.swift in Sources */,
			);
			runOnlyForDeploymentPostprocessing = 0;
		};
		4E80C82F70B0818EF871B334 /* Sources */ = {
			isa = PBXSourcesBuildPhase;
			buildActionMask = 2147483647;
			files = (
				9EAFB6221DBFDA20045CF1B8 /* AccentTheme.swift in Sources */,
				618C703D374073409969F374 /* AppDeepLink.swift in Sources */,
				381EEEBBE11616B66EA5D504 /* AppGroupStore.swift in Sources */,
				B05C729CF04DAEFC1EBD7535 /* AppLimits.swift in Sources */,
				BE3F9442D29FCB56736B1D56 /* DailyNutritionTrackerWidgetsBundle.swift in Sources */,
				D9A7EBD4A4E2B782EA65060B /* DailySummaryWidget.swift in Sources */,
				896BAE2EAECEDF8941180B54 /* DataStore.swift in Sources */,
				4C777BD4D2AF9D33CA8C1757 /* DayProgressSnapshot.swift in Sources */,
				58CA476A9D5CDA86DC3AD1C4 /* Enums.swift in Sources */,
				1FDA177A3D114A2BB7B9494D /* Models.swift in Sources */,
				922C08BEB38714D3EADE2595 /* OnPlanColors.swift in Sources */,
				D114B01BE47F3037C5A8B9CE /* QuickAddService.swift in Sources */,
				1190C304FDCF858A32FCF664 /* SectionWidgetMediumLarge.swift in Sources */,
				FE26369D9B67B92B8CEAB8BD /* SectionWidgetSupport.swift in Sources */,
				2D78004D4F0D12431D2FE67F /* SectionWidgetViews.swift in Sources */,
				186627A939D2A1F036633D2A /* SectionWidgets.swift in Sources */,
				47F2728E15E0172AB6728BE7 /* SharedModelContainer.swift in Sources */,
				AD831ADF3552E728D0317666 /* WatchDaySnapshot.swift in Sources */,
				B34F23F55D83CBE7F50D4F65 /* WidgetIntents.swift in Sources */,
				B89E19F7C7ABAD4DB8F4BF42 /* WidgetReloader.swift in Sources */,
			);
			runOnlyForDeploymentPostprocessing = 0;
		};
		5BF1B6D60DB381210B3A8C07 /* Sources */ = {
			isa = PBXSourcesBuildPhase;
			buildActionMask = 2147483647;
			files = (
				706A639A3C983BA9827FA962 /* WatchComplications.swift in Sources */,
				5963CC4192A8F3F2A8A5DC4B /* WatchDaySnapshot.swift in Sources */,
			);
			runOnlyForDeploymentPostprocessing = 0;
		};
		8423AB667999445975200BA1 /* Sources */ = {
			isa = PBXSourcesBuildPhase;
			buildActionMask = 2147483647;
			files = (
				9F3DEC709267BE3FE1E1C934 /* AccentTheme.swift in Sources */,
				4D450A165D43670E9BCDA52F /* AddProteinSheet.swift in Sources */,
				87E3B589D2F5EA1C2D4D6C2A /* AppDeepLink.swift in Sources */,
				9F6BF0488944622D91AD8FC1 /* AppGroupStore.swift in Sources */,
				E9BEE80B2E5A04FDBF3F4E26 /* AppIdentity.swift in Sources */,
				AD6C1FC84FF9094C3509D030 /* AppLimits.swift in Sources */,
				79B455B4740DDC7659EC3861 /* BackupRestoreView.swift in Sources */,
				C07AE0F5FB188AD23956483C /* BackupService.swift in Sources */,
				64E4561055E11E8E03BD8C85 /* BarcodeScannerSheet.swift in Sources */,
				38975104C2CB3F7523D3F54D /* BathroomSection.swift in Sources */,
				1D6F7A5E49AEE619565AB6BE /* BodyCompositionViews.swift in Sources */,
				1534C23434F344C92A29EE64 /* BodyMeasurementsViews.swift in Sources */,
				8674A3DDB7CB0668AE0858CE /* CalendarHeatmapView.swift in Sources */,
				A9733E086ED0983CE62DC1E2 /* ChecklistSection.swift in Sources */,
				B1485F05B4210916BE7D8328 /* ContentView.swift in Sources */,
				C899D57324200C2AB7425258 /* DailyNutritionTrackerApp.swift in Sources */,
				24C54A3FF1B1ED7F203DCE75 /* DailyOnPlanShortcuts.swift in Sources */,
				A45372651BF6F0123DEAB68C /* DataStore.swift in Sources */,
				B2BC063D56ADD372E682A94D /* DayHeaderSection.swift in Sources */,
				6A48CA1165D6FA2D7AD36193 /* DayLayoutSettingsView.swift in Sources */,
				F286B908D61BA4DBBA457DD8 /* DayProgressSnapshot.swift in Sources */,
				70902ACB8632D233518F41A7 /* DayView.swift in Sources */,
				8CD6524A141DE14508674E23 /* DrinkingSection.swift in Sources */,
				819C9249AE9E866ABA7F2F83 /* EatingDaySummary.swift in Sources */,
				CA4CBB489AFF9DF63D4AF2EE /* EatingReportView.swift in Sources */,
				B7A905BC1D6FFFF53B8466FD /* EditTimestampSheet.swift in Sources */,
				420DD2FD0C997D367E64E551 /* Enums.swift in Sources */,
				16A3BA3BE218EECF484DFC95 /* ExportService.swift in Sources */,
				522D53A33814C0F4D14B5F8D /* ExportSheetView.swift in Sources */,
				EE809A64CB52182415049146 /* FeelingsSection.swift in Sources */,
				CC4C760368ED1B9C7A9B7EE8 /* FoodCatalog.swift in Sources */,
				F6A311205CAEF119D949B442 /* FoodPreferencesView.swift in Sources */,
				F8E8A22FD08D41A80A32A788 /* HealthKitService.swift in Sources */,
				D4C6E4B361113AFD0163FF9D /* HydrationDrinkConfirmSheet.swift in Sources */,
				CBC61444CA28A21539D8BC2E /* HydrationSection.swift in Sources */,
				8A0518193BDB98C7361BF9CF /* Keyboard.swift in Sources */,
				CBAE575B7068F91818A32071 /* MealSuggestor.swift in Sources */,
				ACB078D429D7DF1C29ABDB4B /* Models.swift in Sources */,
				146E4BF79ADD39294866A7BC /* MotivationQuotesSettingsView.swift in Sources */,
				7F1B66EA51A661F48F92057F /* NotificationService.swift in Sources */,
				7FC6972543131C794285366E /* NotificationsSettingsView.swift in Sources */,
				8634A7CC0318589D825CC1B2 /* OnPlanColors.swift in Sources */,
				987811C833900B317184E079 /* OpenFoodFactsClient.swift in Sources */,
				9D37EBFEE263423E02A3C209 /* PhoneWatchBridge.swift in Sources */,
				9DD9994450AB9EA84E0247EE /* ProteinSection.swift in Sources */,
				2ABE272FE1719A5647B7FBCD /* QuickAddService.swift in Sources */,
				3F895B279EF11D01001ACEC2 /* RemoteFoodConfirmSheet.swift in Sources */,
				04466FC60C513326A48D5EE1 /* RemoteFoodModels.swift in Sources */,
				97F5FBCE23BEFCA14EB70C41 /* ReportAggregator.swift in Sources */,
				17869BA6C24C50C45323A73F /* ReportsView.swift in Sources */,
				B8949127BA71B88DCCC23329 /* SavedMealsListView.swift in Sources */,
				B34E396A756D859471C08F07 /* SettingsView.swift in Sources */,
				B7966B9F389EA41C07277606 /* ShareCardViews.swift in Sources */,
				C26FD525F38746B3420C5E40 /* SharedModelContainer.swift in Sources */,
				E314FF773E7239A0554AA2D2 /* SharedUI.swift in Sources */,
				4084E1DE17B362D78DD6593F /* SmokingSection.swift in Sources */,
				ACD533BA51870AAC51894A68 /* SnapshotReportView.swift in Sources */,
				D0C33EA702DEC0D13DEB7FF7 /* SupplementsSection.swift in Sources */,
				96C52DDABBB59F71DD3B75D7 /* USDAFoodDataClient.swift in Sources */,
				19A77925BB9BB04B288DA118 /* UsageSuggestions.swift in Sources */,
				2CF23679CDB4643A10B22EE2 /* WatchDaySnapshot.swift in Sources */,
				F9B2AD3495F23EA457D3A235 /* WeightBMISection.swift in Sources */,
				80FA0401EDE4C3E7708324F3 /* WidgetIntents.swift in Sources */,
				C43E7449AEACD161392A9BF5 /* WidgetReloader.swift in Sources */,
				8D44BF1AF9CF7089E6BC9807 /* WorkbookExportService.swift in Sources */,
				3CCEED0DE421E530A7A638B2 /* WorkoutSection.swift in Sources */,
				00308ABF57DAF10AA407725E /* ZipStoreWriter.swift in Sources */,
			);
			runOnlyForDeploymentPostprocessing = 0;
		};
/* End PBXSourcesBuildPhase section */

/* Begin PBXTargetDependency section */
		876E4CFCDE0D0C17C904FE43 /* PBXTargetDependency */ = {
			isa = PBXTargetDependency;
			target = F951E00E2E1A02E4BB4FC1C9 /* DailyNutritionTrackerWatchWidgets */;
			targetProxy = 92C8DEFA86BA5ED506873737 /* PBXContainerItemProxy */;
		};
		8BC9D2CF846649A17EBBDD27 /* PBXTargetDependency */ = {
			isa = PBXTargetDependency;
			target = E63EAEF58BF1A455170C9678 /* DailyNutritionTrackerWidgets */;
			targetProxy = D01D7B80AA68D7535B9B5935 /* PBXContainerItemProxy */;
		};
		9BFE9937ABFD1B8870F37FDA /* PBXTargetDependency */ = {
			isa = PBXTargetDependency;
			target = 9B772E33855BDCB6E12C7236 /* DailyNutritionTrackerWatch */;
			targetProxy = 6A433B0C51F958C494202CBB /* PBXContainerItemProxy */;
		};
/* End PBXTargetDependency section */

/* Begin XCBuildConfiguration section */
		2E57F7CDF363C5EA7D8B31C2 /* Debug */ = {
			isa = XCBuildConfiguration;
			buildSettings = {
				CODE_SIGN_ENTITLEMENTS = DailyNutritionTrackerWidgets/DailyNutritionTrackerWidgets.entitlements;
				CODE_SIGN_STYLE = Automatic;
				CURRENT_PROJECT_VERSION = 4;
				GENERATE_INFOPLIST_FILE = NO;
				INFOPLIST_FILE = DailyNutritionTrackerWidgets/Info.plist;
				IPHONEOS_DEPLOYMENT_TARGET = 17.0;
				LD_RUNPATH_SEARCH_PATHS = (
					"$(inherited)",
					"@executable_path/Frameworks",
					"@executable_path/../../Frameworks",
				);
				MARKETING_VERSION = 1.0;
				PRODUCT_BUNDLE_IDENTIFIER = com.dailyonplan.tracker.widgets;
				PRODUCT_DISPLAY_NAME = "Daily On Plan Widgets";
				SDKROOT = iphoneos;
				SKIP_INSTALL = YES;
				SWIFT_ACTIVE_COMPILATION_CONDITIONS = "$(inherited) WIDGET_EXTENSION";
				TARGETED_DEVICE_FAMILY = "1,2";
			};
			name = Debug;
		};
		7BB6B389E49F97CC3634A7C6 /* Release */ = {
			isa = XCBuildConfiguration;
			buildSettings = {
				CODE_SIGN_ENTITLEMENTS = DailyNutritionTrackerWatchWidgets/DailyNutritionTrackerWatchWidgets.entitlements;
				CODE_SIGN_STYLE = Automatic;
				CURRENT_PROJECT_VERSION = 4;
				GENERATE_INFOPLIST_FILE = NO;
				INFOPLIST_FILE = DailyNutritionTrackerWatchWidgets/Info.plist;
				IPHONEOS_DEPLOYMENT_TARGET = "";
				LD_RUNPATH_SEARCH_PATHS = (
					"$(inherited)",
					"@executable_path/Frameworks",
					"@executable_path/../../Frameworks",
				);
				MARKETING_VERSION = 1.0;
				PRODUCT_BUNDLE_IDENTIFIER = com.dailyonplan.tracker.watchkitapp.widgets;
				PRODUCT_DISPLAY_NAME = "Daily On Plan";
				SDKROOT = watchos;
				SKIP_INSTALL = YES;
				TARGETED_DEVICE_FAMILY = 4;
				WATCHOS_DEPLOYMENT_TARGET = 10.0;
			};
			name = Release;
		};
		7BEB7061E32204F0A4EC8A82 /* Release */ = {
			isa = XCBuildConfiguration;
			buildSettings = {
				CODE_SIGN_ENTITLEMENTS = DailyNutritionTrackerWidgets/DailyNutritionTrackerWidgets.entitlements;
				CODE_SIGN_STYLE = Automatic;
				CURRENT_PROJECT_VERSION = 4;
				GENERATE_INFOPLIST_FILE = NO;
				INFOPLIST_FILE = DailyNutritionTrackerWidgets/Info.plist;
				IPHONEOS_DEPLOYMENT_TARGET = 17.0;
				LD_RUNPATH_SEARCH_PATHS = (
					"$(inherited)",
					"@executable_path/Frameworks",
					"@executable_path/../../Frameworks",
				);
				MARKETING_VERSION = 1.0;
				PRODUCT_BUNDLE_IDENTIFIER = com.dailyonplan.tracker.widgets;
				PRODUCT_DISPLAY_NAME = "Daily On Plan Widgets";
				SDKROOT = iphoneos;
				SKIP_INSTALL = YES;
				SWIFT_ACTIVE_COMPILATION_CONDITIONS = "$(inherited) WIDGET_EXTENSION";
				TARGETED_DEVICE_FAMILY = "1,2";
			};
			name = Release;
		};
		8945BD8CE1F7BC2A91955283 /* Release */ = {
			isa = XCBuildConfiguration;
			buildSettings = {
				ALWAYS_SEARCH_USER_PATHS = NO;
				CLANG_ANALYZER_NONNULL = YES;
				CLANG_ANALYZER_NUMBER_OBJECT_CONVERSION = YES_AGGRESSIVE;
				CLANG_CXX_LANGUAGE_STANDARD = "gnu++14";
				CLANG_CXX_LIBRARY = "libc++";
				CLANG_ENABLE_MODULES = YES;
				CLANG_ENABLE_OBJC_ARC = YES;
				CLANG_ENABLE_OBJC_WEAK = YES;
				CLANG_WARN_BLOCK_CAPTURE_AUTORELEASING = YES;
				CLANG_WARN_BOOL_CONVERSION = YES;
				CLANG_WARN_COMMA = YES;
				CLANG_WARN_CONSTANT_CONVERSION = YES;
				CLANG_WARN_DEPRECATED_OBJC_IMPLEMENTATIONS = YES;
				CLANG_WARN_DIRECT_OBJC_ISA_USAGE = YES_ERROR;
				CLANG_WARN_DOCUMENTATION_COMMENTS = YES;
				CLANG_WARN_EMPTY_BODY = YES;
				CLANG_WARN_ENUM_CONVERSION = YES;
				CLANG_WARN_INFINITE_RECURSION = YES;
				CLANG_WARN_INT_CONVERSION = YES;
				CLANG_WARN_NON_LITERAL_NULL_CONVERSION = YES;
				CLANG_WARN_OBJC_IMPLICIT_RETAIN_SELF = YES;
				CLANG_WARN_OBJC_LITERAL_CONVERSION = YES;
				CLANG_WARN_OBJC_ROOT_CLASS = YES_ERROR;
				CLANG_WARN_QUOTED_INCLUDE_IN_FRAMEWORK_HEADER = YES;
				CLANG_WARN_RANGE_LOOP_ANALYSIS = YES;
				CLANG_WARN_STRICT_PROTOTYPES = YES;
				CLANG_WARN_SUSPICIOUS_MOVE = YES;
				CLANG_WARN_UNGUARDED_AVAILABILITY = YES_AGGRESSIVE;
				CLANG_WARN_UNREACHABLE_CODE = YES;
				CLANG_WARN__DUPLICATE_METHOD_MATCH = YES;
				COPY_PHASE_STRIP = NO;
				CURRENT_PROJECT_VERSION = 4;
				DEAD_CODE_STRIPPING = YES;
				DEBUG_INFORMATION_FORMAT = "dwarf-with-dsym";
				DEVELOPMENT_TEAM = 6998422DKP;
				ENABLE_NS_ASSERTIONS = NO;
				ENABLE_STRICT_OBJC_MSGSEND = YES;
				ENABLE_USER_SCRIPT_SANDBOXING = YES;
				GCC_C_LANGUAGE_STANDARD = gnu11;
				GCC_NO_COMMON_BLOCKS = YES;
				GCC_WARN_64_TO_32_BIT_CONVERSION = YES;
				GCC_WARN_ABOUT_RETURN_TYPE = YES_ERROR;
				GCC_WARN_UNDECLARED_SELECTOR = YES;
				GCC_WARN_UNINITIALIZED_AUTOS = YES_AGGRESSIVE;
				GCC_WARN_UNUSED_FUNCTION = YES;
				GCC_WARN_UNUSED_VARIABLE = YES;
				IPHONEOS_DEPLOYMENT_TARGET = 17.0;
				MARKETING_VERSION = 1.0;
				MTL_ENABLE_DEBUG_INFO = NO;
				MTL_FAST_MATH = YES;
				PRODUCT_NAME = "$(TARGET_NAME)";
				STRING_CATALOG_GENERATE_SYMBOLS = YES;
				SWIFT_COMPILATION_MODE = wholemodule;
				SWIFT_OPTIMIZATION_LEVEL = "-O";
				SWIFT_VERSION = 5.9;
				WATCHOS_DEPLOYMENT_TARGET = 10.0;
			};
			name = Release;
		};
		9B6083C486607C3858069B85 /* Release */ = {
			isa = XCBuildConfiguration;
			buildSettings = {
				ASSETCATALOG_COMPILER_APPICON_NAME = AppIcon;
				ASSETCATALOG_COMPILER_GLOBAL_ACCENT_COLOR_NAME = AccentColor;
				CODE_SIGN_ENTITLEMENTS = DailyNutritionTrackerWatch/DailyNutritionTrackerWatch.entitlements;
				CODE_SIGN_STYLE = Automatic;
				CURRENT_PROJECT_VERSION = 4;
				GENERATE_INFOPLIST_FILE = NO;
				INFOPLIST_FILE = DailyNutritionTrackerWatch/Info.plist;
				IPHONEOS_DEPLOYMENT_TARGET = "";
				MARKETING_VERSION = 1.0;
				PRODUCT_BUNDLE_IDENTIFIER = com.dailyonplan.tracker.watchkitapp;
				PRODUCT_DISPLAY_NAME = "Daily On Plan";
				SDKROOT = watchos;
				SKIP_INSTALL = YES;
				TARGETED_DEVICE_FAMILY = 4;
				WATCHOS_DEPLOYMENT_TARGET = 10.0;
			};
			name = Release;
		};
		AC57156F5181579B3CD22D4B /* Debug */ = {
			isa = XCBuildConfiguration;
			buildSettings = {
				ASSETCATALOG_COMPILER_APPICON_NAME = AppIcon;
				ASSETCATALOG_COMPILER_GLOBAL_ACCENT_COLOR_NAME = AccentColor;
				CODE_SIGN_ENTITLEMENTS = DailyNutritionTracker/DailyNutritionTracker.entitlements;
				CODE_SIGN_IDENTITY = "iPhone Developer";
				CODE_SIGN_STYLE = Automatic;
				CURRENT_PROJECT_VERSION = 4;
				GENERATE_INFOPLIST_FILE = NO;
				INFOPLIST_FILE = DailyNutritionTracker/Info.plist;
				IPHONEOS_DEPLOYMENT_TARGET = 17.0;
				LD_RUNPATH_SEARCH_PATHS = (
					"$(inherited)",
					"@executable_path/Frameworks",
				);
				MARKETING_VERSION = 1.0;
				PRODUCT_BUNDLE_IDENTIFIER = com.dailyonplan.tracker;
				PRODUCT_DISPLAY_NAME = "Daily On Plan";
				SDKROOT = iphoneos;
				SUPPORTS_XR_DESIGNED_FOR_IPHONE_IPAD = NO;
				TARGETED_DEVICE_FAMILY = "1,2";
			};
			name = Debug;
		};
		CC232D4F8EF5ACCDE435184D /* Debug */ = {
			isa = XCBuildConfiguration;
			buildSettings = {
				ALWAYS_SEARCH_USER_PATHS = NO;
				CLANG_ANALYZER_NONNULL = YES;
				CLANG_ANALYZER_NUMBER_OBJECT_CONVERSION = YES_AGGRESSIVE;
				CLANG_CXX_LANGUAGE_STANDARD = "gnu++14";
				CLANG_CXX_LIBRARY = "libc++";
				CLANG_ENABLE_MODULES = YES;
				CLANG_ENABLE_OBJC_ARC = YES;
				CLANG_ENABLE_OBJC_WEAK = YES;
				CLANG_WARN_BLOCK_CAPTURE_AUTORELEASING = YES;
				CLANG_WARN_BOOL_CONVERSION = YES;
				CLANG_WARN_COMMA = YES;
				CLANG_WARN_CONSTANT_CONVERSION = YES;
				CLANG_WARN_DEPRECATED_OBJC_IMPLEMENTATIONS = YES;
				CLANG_WARN_DIRECT_OBJC_ISA_USAGE = YES_ERROR;
				CLANG_WARN_DOCUMENTATION_COMMENTS = YES;
				CLANG_WARN_EMPTY_BODY = YES;
				CLANG_WARN_ENUM_CONVERSION = YES;
				CLANG_WARN_INFINITE_RECURSION = YES;
				CLANG_WARN_INT_CONVERSION = YES;
				CLANG_WARN_NON_LITERAL_NULL_CONVERSION = YES;
				CLANG_WARN_OBJC_IMPLICIT_RETAIN_SELF = YES;
				CLANG_WARN_OBJC_LITERAL_CONVERSION = YES;
				CLANG_WARN_OBJC_ROOT_CLASS = YES_ERROR;
				CLANG_WARN_QUOTED_INCLUDE_IN_FRAMEWORK_HEADER = YES;
				CLANG_WARN_RANGE_LOOP_ANALYSIS = YES;
				CLANG_WARN_STRICT_PROTOTYPES = YES;
				CLANG_WARN_SUSPICIOUS_MOVE = YES;
				CLANG_WARN_UNGUARDED_AVAILABILITY = YES_AGGRESSIVE;
				CLANG_WARN_UNREACHABLE_CODE = YES;
				CLANG_WARN__DUPLICATE_METHOD_MATCH = YES;
				COPY_PHASE_STRIP = NO;
				CURRENT_PROJECT_VERSION = 4;
				DEAD_CODE_STRIPPING = YES;
				DEBUG_INFORMATION_FORMAT = dwarf;
				DEVELOPMENT_TEAM = 6998422DKP;
				ENABLE_STRICT_OBJC_MSGSEND = YES;
				ENABLE_TESTABILITY = YES;
				ENABLE_USER_SCRIPT_SANDBOXING = YES;
				GCC_C_LANGUAGE_STANDARD = gnu11;
				GCC_DYNAMIC_NO_PIC = NO;
				GCC_NO_COMMON_BLOCKS = YES;
				GCC_OPTIMIZATION_LEVEL = 0;
				GCC_PREPROCESSOR_DEFINITIONS = (
					"$(inherited)",
					"DEBUG=1",
				);
				GCC_WARN_64_TO_32_BIT_CONVERSION = YES;
				GCC_WARN_ABOUT_RETURN_TYPE = YES_ERROR;
				GCC_WARN_UNDECLARED_SELECTOR = YES;
				GCC_WARN_UNINITIALIZED_AUTOS = YES_AGGRESSIVE;
				GCC_WARN_UNUSED_FUNCTION = YES;
				GCC_WARN_UNUSED_VARIABLE = YES;
				IPHONEOS_DEPLOYMENT_TARGET = 17.0;
				MARKETING_VERSION = 1.0;
				MTL_ENABLE_DEBUG_INFO = INCLUDE_SOURCE;
				MTL_FAST_MATH = YES;
				ONLY_ACTIVE_ARCH = YES;
				PRODUCT_NAME = "$(TARGET_NAME)";
				STRING_CATALOG_GENERATE_SYMBOLS = YES;
				SWIFT_ACTIVE_COMPILATION_CONDITIONS = DEBUG;
				SWIFT_OPTIMIZATION_LEVEL = "-Onone";
				SWIFT_VERSION = 5.9;
				WATCHOS_DEPLOYMENT_TARGET = 10.0;
			};
			name = Debug;
		};
		D357438D3E4796124DA8BF34 /* Release */ = {
			isa = XCBuildConfiguration;
			buildSettings = {
				ASSETCATALOG_COMPILER_APPICON_NAME = AppIcon;
				ASSETCATALOG_COMPILER_GLOBAL_ACCENT_COLOR_NAME = AccentColor;
				CODE_SIGN_ENTITLEMENTS = DailyNutritionTracker/DailyNutritionTracker.entitlements;
				CODE_SIGN_IDENTITY = "iPhone Developer";
				CODE_SIGN_STYLE = Automatic;
				CURRENT_PROJECT_VERSION = 4;
				GENERATE_INFOPLIST_FILE = NO;
				INFOPLIST_FILE = DailyNutritionTracker/Info.plist;
				IPHONEOS_DEPLOYMENT_TARGET = 17.0;
				LD_RUNPATH_SEARCH_PATHS = (
					"$(inherited)",
					"@executable_path/Frameworks",
				);
				MARKETING_VERSION = 1.0;
				PRODUCT_BUNDLE_IDENTIFIER = com.dailyonplan.tracker;
				PRODUCT_DISPLAY_NAME = "Daily On Plan";
				SDKROOT = iphoneos;
				SUPPORTS_XR_DESIGNED_FOR_IPHONE_IPAD = NO;
				TARGETED_DEVICE_FAMILY = "1,2";
			};
			name = Release;
		};
		DDD224076D3073B2D619771B /* Debug */ = {
			isa = XCBuildConfiguration;
			buildSettings = {
				CODE_SIGN_ENTITLEMENTS = DailyNutritionTrackerWatchWidgets/DailyNutritionTrackerWatchWidgets.entitlements;
				CODE_SIGN_STYLE = Automatic;
				CURRENT_PROJECT_VERSION = 4;
				GENERATE_INFOPLIST_FILE = NO;
				INFOPLIST_FILE = DailyNutritionTrackerWatchWidgets/Info.plist;
				IPHONEOS_DEPLOYMENT_TARGET = "";
				LD_RUNPATH_SEARCH_PATHS = (
					"$(inherited)",
					"@executable_path/Frameworks",
					"@executable_path/../../Frameworks",
				);
				MARKETING_VERSION = 1.0;
				PRODUCT_BUNDLE_IDENTIFIER = com.dailyonplan.tracker.watchkitapp.widgets;
				PRODUCT_DISPLAY_NAME = "Daily On Plan";
				SDKROOT = watchos;
				SKIP_INSTALL = YES;
				TARGETED_DEVICE_FAMILY = 4;
				WATCHOS_DEPLOYMENT_TARGET = 10.0;
			};
			name = Debug;
		};
		F51A106434F376AE0CE5E32E /* Debug */ = {
			isa = XCBuildConfiguration;
			buildSettings = {
				ASSETCATALOG_COMPILER_APPICON_NAME = AppIcon;
				ASSETCATALOG_COMPILER_GLOBAL_ACCENT_COLOR_NAME = AccentColor;
				CODE_SIGN_ENTITLEMENTS = DailyNutritionTrackerWatch/DailyNutritionTrackerWatch.entitlements;
				CODE_SIGN_STYLE = Automatic;
				CURRENT_PROJECT_VERSION = 4;
				GENERATE_INFOPLIST_FILE = NO;
				INFOPLIST_FILE = DailyNutritionTrackerWatch/Info.plist;
				IPHONEOS_DEPLOYMENT_TARGET = "";
				MARKETING_VERSION = 1.0;
				PRODUCT_BUNDLE_IDENTIFIER = com.dailyonplan.tracker.watchkitapp;
				PRODUCT_DISPLAY_NAME = "Daily On Plan";
				SDKROOT = watchos;
				SKIP_INSTALL = YES;
				TARGETED_DEVICE_FAMILY = 4;
				WATCHOS_DEPLOYMENT_TARGET = 10.0;
			};
			name = Debug;
		};
/* End XCBuildConfiguration section */

/* Begin XCConfigurationList section */
		985483F167D6C71C3B964EE1 /* Build configuration list for PBXNativeTarget "DailyNutritionTracker" */ = {
			isa = XCConfigurationList;
			buildConfigurations = (
				AC57156F5181579B3CD22D4B /* Debug */,
				D357438D3E4796124DA8BF34 /* Release */,
			);
			defaultConfigurationIsVisible = 0;
			defaultConfigurationName = Debug;
		};
		9BC857710CDCA4DC494763AE /* Build configuration list for PBXNativeTarget "DailyNutritionTrackerWatch" */ = {
			isa = XCConfigurationList;
			buildConfigurations = (
				F51A106434F376AE0CE5E32E /* Debug */,
				9B6083C486607C3858069B85 /* Release */,
			);
			defaultConfigurationIsVisible = 0;
			defaultConfigurationName = Debug;
		};
		B8F2507E4F5C2E6CC7C5271F /* Build configuration list for PBXNativeTarget "DailyNutritionTrackerWatchWidgets" */ = {
			isa = XCConfigurationList;
			buildConfigurations = (
				DDD224076D3073B2D619771B /* Debug */,
				7BB6B389E49F97CC3634A7C6 /* Release */,
			);
			defaultConfigurationIsVisible = 0;
			defaultConfigurationName = Debug;
		};
		D976C760F5A32A448F6A9ECD /* Build configuration list for PBXNativeTarget "DailyNutritionTrackerWidgets" */ = {
			isa = XCConfigurationList;
			buildConfigurations = (
				2E57F7CDF363C5EA7D8B31C2 /* Debug */,
				7BEB7061E32204F0A4EC8A82 /* Release */,
			);
			defaultConfigurationIsVisible = 0;
			defaultConfigurationName = Debug;
		};
		F7A24E9F32028A69F80E979E /* Build configuration list for PBXProject "DailyNutritionTracker" */ = {
			isa = XCConfigurationList;
			buildConfigurations = (
				CC232D4F8EF5ACCDE435184D /* Debug */,
				8945BD8CE1F7BC2A91955283 /* Release */,
			);
			defaultConfigurationIsVisible = 0;
			defaultConfigurationName = Debug;
		};
/* End XCConfigurationList section */
	};
	rootObject = 73EF69C8BDE0691088FA2235 /* Project object */;
}
